<?xml version="1.0" encoding="utf-8"?>
<Project ToolsVersion="4.0" xmlns="http://schemas.microsoft.com/developer/msbuild/2003">
  <ItemGroup>
    <Filter Include="Source Files">
      <UniqueIdentifier>{4FC737F1-C7A5-4376-A066-2A32D752A2FF}</UniqueIdentifier>
      <Extensions>cpp;c;cc;cxx;def;odl;idl;hpj;bat;asm;asmx</Extensions>
    </Filter>
    <Filter Include="Header Files">
      <UniqueIdentifier>{93995380-89BD-4b04-88EB-625FBE52EBFB}</UniqueIdentifier>
      <Extensions>h;hh;hpp;hxx;hm;inl;inc;ipp;xsd</Extensions>
    </Filter>
    <Filter Include="Resource Files">
      <UniqueIdentifier>{67DA6AB6-F800-4c08-8B7A-83BB121AAD01}</UniqueIdentifier>
      <Extensions>rc;ico;cur;bmp;dlg;rc2;rct;bin;rgs;gif;jpg;jpeg;jpe;resx;tiff;tif;png;wav;mfcribbon-ms</Extensions>
    </Filter>
  </ItemGroup>
  <ItemGroup>
    <ClCompile Include="CPhysicsObject.cpp">
      <Filter>Source Files</Filter>
    </ClCompile>
    <ClCompile Include="CPhysicsWorld.cpp">
      <Filter>Source Files</Filter>
    </ClCompile>
    <ClCompile Include="Body\CRigidBody.cpp">
      <Filter>Source Files</Filter>
    </ClCompile>
    <ClCompile Include="Body\CSoftBody.cpp">
      <Filter>Source Files</Filter>
    </ClCompile>
    <ClCompile Include="Collider\CColliderBase.cpp">
      <Filter>Source Files</Filter>
    </ClCompile>
    <ClCompile Include="Collider\CColliderBox.cpp">
      <Filter>Source Files</Filter>
    </ClCompile>
    <ClCompile Include="Collider\CColliderCloth.cpp">
      <Filter>Source Files</Filter>
    </ClCompile>
    <ClCompile Include="Collider\CColliderPlane.cpp">
      <Filter>Source Files</Filter>
    </ClCompile>
    <ClCompile Include="Collider\CColliderSphere.cpp">
      <Filter>Source Files</Filter>
    </ClCompile>
    <ClCompile Include="PhysicsHelper.cpp">
      <Filter>Source Files</Filter>
    </ClCompile>
    <ClCompile Include="dllmain.cpp">
      <Filter>Source Files</Filter>
    </ClCompile>
  </ItemGroup>
  <ItemGroup>
    <ClInclude Include="CPhysicsObject.h">
      <Filter>Header Files</Filter>
    </ClInclude>
    <ClInclude Include="CPhysicsWorld.h">
      <Filter>Header Files</Filter>
    </ClInclude>
    <ClInclude Include="PhysicsDefine.h">
      <Filter>Header Files</Filter>
    </ClInclude>
    <ClInclude Include="TPhysics.h">
      <Filter>Header Files</Filter>
    </ClInclude>
    <ClInclude Include="TPhysicsInclude.h">
      <Filter>Header Files</Filter>
    </ClInclude>
    <ClInclude Include="Body\CBodyBase.h">
      <Filter>Header Files</Filter>
    </ClInclude>
    <ClInclude Include="Body\CRigidBody.h">
      <Filter>Header Files</Filter>
    </ClInclude>
    <ClInclude Include="Body\CSoftBody.h">
      <Filter>Header Files</Filter>
    </ClInclude>
    <ClInclude Include="Collider\CColliderBase.h">
      <Filter>Header Files</Filter>
    </ClInclude>
    <ClInclude Include="Collider\CColliderBox.h">
      <Filter>Header Files</Filter>
    </ClInclude>
    <ClInclude Include="Collider\CColliderCloth.h">
      <Filter>Header Files</Filter>
    </ClInclude>
    <ClInclude Include="Collider\CColliderPlane.h">
      <Filter>Header Files</Filter>
    </ClInclude>
    <ClInclude Include="Collider\CColliderSphere.h">
      <Filter>Header Files</Filter>
    </ClInclude>
    <ClInclude Include="PhysicsHelper.h">
      <Filter>Header Files</Filter>
    </ClInclude>
  </ItemGroup>
</Project>