<?xml version="1.0" encoding="utf-8"?>
<Project ToolsVersion="4.0" xmlns="http://schemas.microsoft.com/developer/msbuild/2003">
  <ItemGroup>
    <ClInclude Include="CommonDefine.h" />
    <ClInclude Include="ShaderManager\CShaderManager.h">
      <Filter>ShaderManager</Filter>
    </ClInclude>
    <ClInclude Include="stdafx.h" />
    <ClInclude Include="Game\CGame.h">
      <Filter>Game</Filter>
    </ClInclude>
    <ClInclude Include="Game\CControl.h">
      <Filter>Game</Filter>
    </ClInclude>
    <ClInclude Include="Scene\CScene.h">
      <Filter>Scene</Filter>
    </ClInclude>
    <ClInclude Include="Scene\CSceneManager.h">
      <Filter>Scene</Filter>
    </ClInclude>
  </ItemGroup>
  <ItemGroup>
    <ClCompile Include="main.cpp" />
    <ClCompile Include="ShaderManager\CShaderManager.cpp">
      <Filter>ShaderManager</Filter>
    </ClCompile>
    <ClCompile Include="stdafx.cpp" />
    <ClCompile Include="Game\CGame.cpp">
      <Filter>Game</Filter>
    </ClCompile>
    <ClCompile Include="Game\CControl.cpp">
      <Filter>Game</Filter>
    </ClCompile>
    <ClCompile Include="Scene\CScene.cpp">
      <Filter>Scene</Filter>
    </ClCompile>
    <ClCompile Include="Scene\CSceneManager.cpp">
      <Filter>Scene</Filter>
    </ClCompile>
  </ItemGroup>
  <ItemGroup>
    <Filter Include="ShaderManager">
      <UniqueIdentifier>{7936c3bd-ba3c-4292-9b85-1a2528239189}</UniqueIdentifier>
    </Filter>
    <Filter Include="Game">
      <UniqueIdentifier>{025e6de1-a428-4057-b4ce-a40b4fed8db3}</UniqueIdentifier>
    </Filter>
    <Filter Include="Scene">
      <UniqueIdentifier>{8d681608-1b65-49b1-ad06-63fa6e893d28}</UniqueIdentifier>
    </Filter>
  </ItemGroup>
</Project>