<?xml version="1.0" encoding="utf-8"?>
<Project ToolsVersion="4.0" xmlns="http://schemas.microsoft.com/developer/msbuild/2003">
  <ItemGroup>
    <ClCompile Include="dllmain.cpp" />
    <ClCompile Include="pch.cpp" />
    <ClCompile Include="Camera\CCamera.cpp">
      <Filter>Camera</Filter>
    </ClCompile>
    <ClCompile Include="Mesh\CMesh.cpp">
      <Filter>Mesh</Filter>
    </ClCompile>
    <ClCompile Include="glad.c" />
    <ClCompile Include="Window\CWindow.cpp">
      <Filter>Window</Filter>
    </ClCompile>
    <ClCompile Include="ShaderHelper\CShaderHelper.cpp">
      <Filter>ShaderHelper</Filter>
    </ClCompile>
    <ClCompile Include="TMuffin.cpp" />
    <ClCompile Include="ResourceLoader\CResourceLoader.cpp">
      <Filter>ResourceLoader</Filter>
    </ClCompile>
    <ClCompile Include="Camera\CCameraManager.cpp">
      <Filter>Camera</Filter>
    </ClCompile>
    <ClCompile Include="Engine\Engine.cpp">
      <Filter>Engine</Filter>
    </ClCompile>
    <ClCompile Include="Engine\ExportFunction.cpp">
      <Filter>Engine</Filter>
    </ClCompile>
    <ClCompile Include="Light\CLight.cpp">
      <Filter>Light</Filter>
    </ClCompile>
    <ClCompile Include="Light\CLightManager.cpp">
      <Filter>Light</Filter>
    </ClCompile>
    <ClCompile Include="Renderer\CObjectRenderer.cpp">
      <Filter>Renderer</Filter>
    </ClCompile>
    <ClCompile Include="Physics\CObjectPhysics.cpp">
      <Filter>Physics</Filter>
    </ClCompile>
    <ClCompile Include="Component\CMeshRenderer.cpp">
      <Filter>Component</Filter>
    </ClCompile>
    <ClCompile Include="Component\CRigidBody.cpp">
      <Filter>Component</Filter>
    </ClCompile>
    <ClCompile Include="GameObject\CGameObject.cpp">
      <Filter>GameObject</Filter>
    </ClCompile>
    <ClCompile Include="GameObject\CGameObjectManager.cpp">
      <Filter>GameObject</Filter>
    </ClCompile>
  </ItemGroup>
  <ItemGroup>
    <ClInclude Include="pch.h" />
    <ClInclude Include="Camera\CCamera.h">
      <Filter>Camera</Filter>
    </ClInclude>
    <ClInclude Include="Mesh\CMesh.h">
      <Filter>Mesh</Filter>
    </ClInclude>
    <ClInclude Include="Window\CWindow.h">
      <Filter>Window</Filter>
    </ClInclude>
    <ClInclude Include="CommonDefine.h" />
    <ClInclude Include="TMuffin.h" />
    <ClInclude Include="ShaderHelper\CShaderHelper.h">
      <Filter>ShaderHelper</Filter>
    </ClInclude>
    <ClInclude Include="ResourceLoader\CResourceLoader.h">
      <Filter>ResourceLoader</Filter>
    </ClInclude>
    <ClInclude Include="Camera\CCameraManager.h">
      <Filter>Camera</Filter>
    </ClInclude>
    <ClInclude Include="Engine\Engine.h">
      <Filter>Engine</Filter>
    </ClInclude>
    <ClInclude Include="Engine\ExportFunction.h">
      <Filter>Engine</Filter>
    </ClInclude>
    <ClInclude Include="Light\CLight.h">
      <Filter>Light</Filter>
    </ClInclude>
    <ClInclude Include="Light\CLightManager.h">
      <Filter>Light</Filter>
    </ClInclude>
    <ClInclude Include="Renderer\CObjectRenderer.h">
      <Filter>Renderer</Filter>
    </ClInclude>
    <ClInclude Include="Physics\CObjectPhysics.h">
      <Filter>Physics</Filter>
    </ClInclude>
    <ClInclude Include="Component\CComponent.h">
      <Filter>Component</Filter>
    </ClInclude>
    <ClInclude Include="Component\ComponentDef.h">
      <Filter>Component</Filter>
    </ClInclude>
    <ClInclude Include="Component\CCollider.h">
      <Filter>Component</Filter>
    </ClInclude>
    <ClInclude Include="Component\CMeshRenderer.h">
      <Filter>Component</Filter>
    </ClInclude>
    <ClInclude Include="Component\CRigidBody.h">
      <Filter>Component</Filter>
    </ClInclude>
    <ClInclude Include="GameObject\CGameObject.h">
      <Filter>GameObject</Filter>
    </ClInclude>
    <ClInclude Include="GameObject\CGameObjectManager.h">
      <Filter>GameObject</Filter>
    </ClInclude>
  </ItemGroup>
  <ItemGroup>
    <Filter Include="Camera">
      <UniqueIdentifier>{26e02fcf-b768-4dac-ad3b-60c136aa4b03}</UniqueIdentifier>
    </Filter>
    <Filter Include="Window">
      <UniqueIdentifier>{73dbc934-0e3c-421b-a1c1-3f03d4ba3346}</UniqueIdentifier>
    </Filter>
    <Filter Include="Mesh">
      <UniqueIdentifier>{260fad13-f622-4893-9931-2a861c6cba4a}</UniqueIdentifier>
    </Filter>
    <Filter Include="ShaderHelper">
      <UniqueIdentifier>{83303453-8bd8-4a6b-9fae-49ea5e53e396}</UniqueIdentifier>
    </Filter>
    <Filter Include="ResourceLoader">
      <UniqueIdentifier>{6afbc6ee-cc89-4009-ac7a-4c84215e7e5c}</UniqueIdentifier>
    </Filter>
    <Filter Include="Renderer">
      <UniqueIdentifier>{67e98573-1cac-458f-a18d-6502059f9ce3}</UniqueIdentifier>
    </Filter>
    <Filter Include="Light">
      <UniqueIdentifier>{14370ee5-43ca-4129-b56c-1d53dfdbc5af}</UniqueIdentifier>
    </Filter>
    <Filter Include="Physics">
      <UniqueIdentifier>{e53ca5d0-b7a1-418a-88d2-c97a586ae396}</UniqueIdentifier>
    </Filter>
    <Filter Include="Engine">
      <UniqueIdentifier>{a4c53223-3d74-4a77-b352-a40fa8b53a28}</UniqueIdentifier>
    </Filter>
    <Filter Include="Component">
      <UniqueIdentifier>{d0b52922-c8e4-4ff4-b086-481dfaf401cd}</UniqueIdentifier>
    </Filter>
    <Filter Include="GameObject">
      <UniqueIdentifier>{215db145-0094-43ed-baa5-1d06b9cdfbc3}</UniqueIdentifier>
    </Filter>
  </ItemGroup>
</Project>